
Microsoft Visual Studio Solution File, Format Version 12.00
# Visual Studio Version 17
VisualStudioVersion = 17.10.34916.146
MinimumVisualStudioVersion = 10.0.40219.1
Project("{FAE04EC0-301F-11D3-BF4B-00C04F79EFBC}") = "Web.Presentation", "Web.Presentation\Web.Presentation.csproj", "{8DAB1EA8-834B-4B57-B336-C893F2C64D9E}"
EndProject
Global
	GlobalSection(SolutionConfigurationPlatforms) = preSolution
		Debug|Any CPU = Debug|Any CPU
		Release|Any CPU = Release|Any CPU
	EndGlobalSection
	GlobalSection(ProjectConfigurationPlatforms) = postSolution
		{8DAB1EA8-834B-4B57-B336-C893F2C64D9E}.Debug|Any CPU.ActiveCfg = Debug|Any CPU
		{8DAB1EA8-834B-4B57-B336-C893F2C64D9E}.Debug|Any CPU.Build.0 = Debug|Any CPU
		{8DAB1EA8-834B-4B57-B336-C893F2C64D9E}.Release|Any CPU.ActiveCfg = Release|Any CPU
		{8DAB1EA8-834B-4B57-B336-C893F2C64D9E}.Release|Any CPU.Build.0 = Release|Any CPU
	EndGlobalSection
	GlobalSection(SolutionProperties) = preSolution
		HideSolutionNode = FALSE
	EndGlobalSection
	GlobalSection(ExtensibilityGlobals) = postSolution
		SolutionGuid = {625C3966-C8D2-4E2A-B174-22980CD0391E}
	EndGlobalSection
EndGlobal
